
Microsoft Visual Studio Solution File, Format Version 11.00
# Visual Studio 2010
Project("{F184B08F-C81C-45F6-A57F-5ABD9991F28F}") = "Проект 4.4", "Проект 4.4\Проект 4.4.vbproj", "{7719D69F-3476-499A-85CE-2FA718F57284}"
EndProject
Global
	GlobalSection(SolutionConfigurationPlatforms) = preSolution
		Debug|x86 = Debug|x86
		Release|x86 = Release|x86
	EndGlobalSection
	GlobalSection(ProjectConfigurationPlatforms) = postSolution
		{7719D69F-3476-499A-85CE-2FA718F57284}.Debug|x86.ActiveCfg = Debug|x86
		{7719D69F-3476-499A-85CE-2FA718F57284}.Debug|x86.Build.0 = Debug|x86
		{7719D69F-3476-499A-85CE-2FA718F57284}.Release|x86.ActiveCfg = Release|x86
		{7719D69F-3476-499A-85CE-2FA718F57284}.Release|x86.Build.0 = Release|x86
	EndGlobalSection
	GlobalSection(SolutionProperties) = preSolution
		HideSolutionNode = FALSE
	EndGlobalSection
EndGlobal
